
Microsoft Visual Studio Solution File, Format Version 12.00
# Visual Studio 15
VisualStudioVersion = 15.0.26403.7
MinimumVisualStudioVersion = 10.0.40219.1
Project("{FAE04EC0-301F-11D3-BF4B-00C04F79EFBC}") = "TwinkleStar.Test", "TwinkleStar.Test\TwinkleStar.Test.csproj", "{C90E235D-C001-4955-BE42-9FB68B18662B}"
EndProject
Project("{FAE04EC0-301F-11D3-BF4B-00C04F79EFBC}") = "TwinkleStar.Service", "TwinkleStar.Service\TwinkleStar.Service.csproj", "{2201322C-0FC7-4B10-B676-7BF0A1037BE5}"
EndProject
Project("{FAE04EC0-301F-11D3-BF4B-00C04F79EFBC}") = "TwinkleStar.Common", "TwinkleStar.Common\TwinkleStar.Common.csproj", "{7C011BB6-593B-4FC1-B0C8-93D6561B2F1F}"
EndProject
Project("{FAE04EC0-301F-11D3-BF4B-00C04F79EFBC}") = "TwinkleStar.TestWindow", "TwinkleStar.TestWindow\TwinkleStar.TestWindow.csproj", "{8C995727-F692-4497-98B5-9BE3DFAAE8B7}"
EndProject
Project("{FAE04EC0-301F-11D3-BF4B-00C04F79EFBC}") = "TwinkleStar.TestWeb", "TwinkleStar.TestWeb\TwinkleStar.TestWeb.csproj", "{2F19014F-D273-4249-B7D7-263AA37EF5AE}"
EndProject
Project("{FAE04EC0-301F-11D3-BF4B-00C04F79EFBC}") = "TwinkleStar.Data", "TwinkleStar.Data\TwinkleStar.Data.csproj", "{4A388DCA-8C66-4D17-9ED4-C2ABB511F44F}"
EndProject
Project("{FAE04EC0-301F-11D3-BF4B-00C04F79EFBC}") = "TwinkleStar.Demo.Core", "TwinkleStar.Demo.Core\TwinkleStar.Demo.Core.csproj", "{AD9A4774-B692-4E14-8FDA-9ED4DD63A1CD}"
EndProject
Project("{2150E333-8FDC-42A3-9474-1A3956D46DE8}") = "Demo", "Demo", "{68844397-A836-4E88-9341-AADDE92D6FF0}"
EndProject
Project("{2150E333-8FDC-42A3-9474-1A3956D46DE8}") = "Demo.Test", "Demo.Test", "{8FCD28A4-5E7F-447D-914D-0196461A089E}"
EndProject
Project("{FAE04EC0-301F-11D3-BF4B-00C04F79EFBC}") = "TwinkleStar.Demo.Core.Models", "TwinkleStar.Demo.Core.Models\TwinkleStar.Demo.Core.Models.csproj", "{968E6423-854C-4D1A-8CE0-7FF68188DF3B}"
EndProject
Project("{FAE04EC0-301F-11D3-BF4B-00C04F79EFBC}") = "TwinkleStar.Demo.Core.Data", "TwinkleStar.Demo.Core.Data\TwinkleStar.Demo.Core.Data.csproj", "{710981D1-223E-435D-8830-357E14C633A2}"
EndProject
Project("{2150E333-8FDC-42A3-9474-1A3956D46DE8}") = "Core", "Core", "{554DAEB2-DE2E-4123-B7DB-F91877BC2E3D}"
EndProject
Project("{2150E333-8FDC-42A3-9474-1A3956D46DE8}") = "Projects", "Projects", "{04A9E89F-F4FE-401C-A006-47167C09E2F4}"
EndProject
Project("{FAE04EC0-301F-11D3-BF4B-00C04F79EFBC}") = "TwinkleStar.OAuth", "TwinkleStar.OAuth\TwinkleStar.OAuth.csproj", "{121817F0-2D2A-4838-AAD1-FB41E7AF1E75}"
EndProject
Project("{FAE04EC0-301F-11D3-BF4B-00C04F79EFBC}") = "TwinkleStar.TestWebApi", "TwinkleStar.WebApi\TwinkleStar.TestWebApi.csproj", "{B10AD03C-B212-478C-A5F2-12D267B0578D}"
EndProject
Project("{2150E333-8FDC-42A3-9474-1A3956D46DE8}") = "Projects.MrHai", "Projects.MrHai", "{827DFA97-DB2F-49EA-88C2-102119259A6E}"
EndProject
Project("{FAE04EC0-301F-11D3-BF4B-00C04F79EFBC}") = "MrHai.BMS", "MrHai.BMS\MrHai.BMS.csproj", "{A827BFBA-A3B7-49EE-98BE-EBE1B613CB95}"
EndProject
Project("{FAE04EC0-301F-11D3-BF4B-00C04F79EFBC}") = "MrHai.BMS.Tests", "MrHai.BMS.Tests\MrHai.BMS.Tests.csproj", "{06393BC1-7D45-44B0-B2A7-D8F53072E104}"
EndProject
Project("{FAE04EC0-301F-11D3-BF4B-00C04F79EFBC}") = "MrHai.Api", "MrHai.Api\MrHai.Api.csproj", "{4AB016E5-ABDF-4818-BEB7-748B5779E98B}"
EndProject
Project("{FAE04EC0-301F-11D3-BF4B-00C04F79EFBC}") = "MrHai.Core", "MrHai.Core\MrHai.Core.csproj", "{8837368D-BC41-4FE4-95EF-54E3151B30AE}"
EndProject
Project("{FAE04EC0-301F-11D3-BF4B-00C04F79EFBC}") = "MrHai.Core.Data", "MrHai.Core.Data\MrHai.Core.Data.csproj", "{39C47801-8D49-48DD-B544-1B83EA6E3F44}"
EndProject
Project("{FAE04EC0-301F-11D3-BF4B-00C04F79EFBC}") = "MrHai.Common", "MrHai.Common\MrHai.Common.csproj", "{8932F1E7-FAD8-421A-AFAC-7E1AF1945159}"
EndProject
Project("{FAE04EC0-301F-11D3-BF4B-00C04F79EFBC}") = "MrHai.Core.Models", "MrHai.Core.Models\MrHai.Core.Models.csproj", "{64A11FA7-D984-4020-84B5-A63DBF572236}"
EndProject
Project("{2150E333-8FDC-42A3-9474-1A3956D46DE8}") = "03_View(表现层)", "03_View(表现层)", "{DA8ECE28-F39F-4190-BF9A-A2816CBE85B6}"
EndProject
Project("{2150E333-8FDC-42A3-9474-1A3956D46DE8}") = "01_Core(业务核心层)", "01_Core(业务核心层)", "{C0AF172E-F890-4F81-B730-35C8248954BA}"
EndProject
Project("{2150E333-8FDC-42A3-9474-1A3956D46DE8}") = "02_Application(应用层)", "02_Application(应用层)", "{358B0F9F-A27B-4504-90A7-702C775648B0}"
EndProject
Project("{FAE04EC0-301F-11D3-BF4B-00C04F79EFBC}") = "MrHai.Application", "MrHai.Application\MrHai.Application.csproj", "{49F59979-F286-457A-A3DF-D1E83A5E8CA8}"
EndProject
Project("{FAE04EC0-301F-11D3-BF4B-00C04F79EFBC}") = "MrHai.Application.Models", "MrHai.Application.Models\MrHai.Application.Models.csproj", "{281A932E-6AD6-4E12-8D43-C74F918841C8}"
EndProject
Global
	GlobalSection(SolutionConfigurationPlatforms) = preSolution
		Debug|Any CPU = Debug|Any CPU
		Release|Any CPU = Release|Any CPU
	EndGlobalSection
	GlobalSection(ProjectConfigurationPlatforms) = postSolution
		{C90E235D-C001-4955-BE42-9FB68B18662B}.Debug|Any CPU.ActiveCfg = Debug|Any CPU
		{C90E235D-C001-4955-BE42-9FB68B18662B}.Debug|Any CPU.Build.0 = Debug|Any CPU
		{C90E235D-C001-4955-BE42-9FB68B18662B}.Release|Any CPU.ActiveCfg = Release|Any CPU
		{C90E235D-C001-4955-BE42-9FB68B18662B}.Release|Any CPU.Build.0 = Release|Any CPU
		{2201322C-0FC7-4B10-B676-7BF0A1037BE5}.Debug|Any CPU.ActiveCfg = Debug|Any CPU
		{2201322C-0FC7-4B10-B676-7BF0A1037BE5}.Debug|Any CPU.Build.0 = Debug|Any CPU
		{2201322C-0FC7-4B10-B676-7BF0A1037BE5}.Release|Any CPU.ActiveCfg = Release|Any CPU
		{2201322C-0FC7-4B10-B676-7BF0A1037BE5}.Release|Any CPU.Build.0 = Release|Any CPU
		{7C011BB6-593B-4FC1-B0C8-93D6561B2F1F}.Debug|Any CPU.ActiveCfg = Debug|Any CPU
		{7C011BB6-593B-4FC1-B0C8-93D6561B2F1F}.Debug|Any CPU.Build.0 = Debug|Any CPU
		{7C011BB6-593B-4FC1-B0C8-93D6561B2F1F}.Release|Any CPU.ActiveCfg = Release|Any CPU
		{7C011BB6-593B-4FC1-B0C8-93D6561B2F1F}.Release|Any CPU.Build.0 = Release|Any CPU
		{8C995727-F692-4497-98B5-9BE3DFAAE8B7}.Debug|Any CPU.ActiveCfg = Debug|Any CPU
		{8C995727-F692-4497-98B5-9BE3DFAAE8B7}.Debug|Any CPU.Build.0 = Debug|Any CPU
		{8C995727-F692-4497-98B5-9BE3DFAAE8B7}.Release|Any CPU.ActiveCfg = Release|Any CPU
		{8C995727-F692-4497-98B5-9BE3DFAAE8B7}.Release|Any CPU.Build.0 = Release|Any CPU
		{2F19014F-D273-4249-B7D7-263AA37EF5AE}.Debug|Any CPU.ActiveCfg = Debug|Any CPU
		{2F19014F-D273-4249-B7D7-263AA37EF5AE}.Debug|Any CPU.Build.0 = Debug|Any CPU
		{2F19014F-D273-4249-B7D7-263AA37EF5AE}.Release|Any CPU.ActiveCfg = Release|Any CPU
		{2F19014F-D273-4249-B7D7-263AA37EF5AE}.Release|Any CPU.Build.0 = Release|Any CPU
		{4A388DCA-8C66-4D17-9ED4-C2ABB511F44F}.Debug|Any CPU.ActiveCfg = Debug|Any CPU
		{4A388DCA-8C66-4D17-9ED4-C2ABB511F44F}.Debug|Any CPU.Build.0 = Debug|Any CPU
		{4A388DCA-8C66-4D17-9ED4-C2ABB511F44F}.Release|Any CPU.ActiveCfg = Release|Any CPU
		{4A388DCA-8C66-4D17-9ED4-C2ABB511F44F}.Release|Any CPU.Build.0 = Release|Any CPU
		{AD9A4774-B692-4E14-8FDA-9ED4DD63A1CD}.Debug|Any CPU.ActiveCfg = Debug|Any CPU
		{AD9A4774-B692-4E14-8FDA-9ED4DD63A1CD}.Debug|Any CPU.Build.0 = Debug|Any CPU
		{AD9A4774-B692-4E14-8FDA-9ED4DD63A1CD}.Release|Any CPU.ActiveCfg = Release|Any CPU
		{AD9A4774-B692-4E14-8FDA-9ED4DD63A1CD}.Release|Any CPU.Build.0 = Release|Any CPU
		{968E6423-854C-4D1A-8CE0-7FF68188DF3B}.Debug|Any CPU.ActiveCfg = Debug|Any CPU
		{968E6423-854C-4D1A-8CE0-7FF68188DF3B}.Debug|Any CPU.Build.0 = Debug|Any CPU
		{968E6423-854C-4D1A-8CE0-7FF68188DF3B}.Release|Any CPU.ActiveCfg = Release|Any CPU
		{968E6423-854C-4D1A-8CE0-7FF68188DF3B}.Release|Any CPU.Build.0 = Release|Any CPU
		{710981D1-223E-435D-8830-357E14C633A2}.Debug|Any CPU.ActiveCfg = Debug|Any CPU
		{710981D1-223E-435D-8830-357E14C633A2}.Debug|Any CPU.Build.0 = Debug|Any CPU
		{710981D1-223E-435D-8830-357E14C633A2}.Release|Any CPU.ActiveCfg = Release|Any CPU
		{710981D1-223E-435D-8830-357E14C633A2}.Release|Any CPU.Build.0 = Release|Any CPU
		{121817F0-2D2A-4838-AAD1-FB41E7AF1E75}.Debug|Any CPU.ActiveCfg = Debug|Any CPU
		{121817F0-2D2A-4838-AAD1-FB41E7AF1E75}.Debug|Any CPU.Build.0 = Debug|Any CPU
		{121817F0-2D2A-4838-AAD1-FB41E7AF1E75}.Release|Any CPU.ActiveCfg = Release|Any CPU
		{121817F0-2D2A-4838-AAD1-FB41E7AF1E75}.Release|Any CPU.Build.0 = Release|Any CPU
		{B10AD03C-B212-478C-A5F2-12D267B0578D}.Debug|Any CPU.ActiveCfg = Debug|Any CPU
		{B10AD03C-B212-478C-A5F2-12D267B0578D}.Debug|Any CPU.Build.0 = Debug|Any CPU
		{B10AD03C-B212-478C-A5F2-12D267B0578D}.Release|Any CPU.ActiveCfg = Release|Any CPU
		{B10AD03C-B212-478C-A5F2-12D267B0578D}.Release|Any CPU.Build.0 = Release|Any CPU
		{A827BFBA-A3B7-49EE-98BE-EBE1B613CB95}.Debug|Any CPU.ActiveCfg = Debug|Any CPU
		{A827BFBA-A3B7-49EE-98BE-EBE1B613CB95}.Debug|Any CPU.Build.0 = Debug|Any CPU
		{A827BFBA-A3B7-49EE-98BE-EBE1B613CB95}.Release|Any CPU.ActiveCfg = Release|Any CPU
		{A827BFBA-A3B7-49EE-98BE-EBE1B613CB95}.Release|Any CPU.Build.0 = Release|Any CPU
		{06393BC1-7D45-44B0-B2A7-D8F53072E104}.Debug|Any CPU.ActiveCfg = Debug|Any CPU
		{06393BC1-7D45-44B0-B2A7-D8F53072E104}.Debug|Any CPU.Build.0 = Debug|Any CPU
		{06393BC1-7D45-44B0-B2A7-D8F53072E104}.Release|Any CPU.ActiveCfg = Release|Any CPU
		{06393BC1-7D45-44B0-B2A7-D8F53072E104}.Release|Any CPU.Build.0 = Release|Any CPU
		{4AB016E5-ABDF-4818-BEB7-748B5779E98B}.Debug|Any CPU.ActiveCfg = Debug|Any CPU
		{4AB016E5-ABDF-4818-BEB7-748B5779E98B}.Debug|Any CPU.Build.0 = Debug|Any CPU
		{4AB016E5-ABDF-4818-BEB7-748B5779E98B}.Release|Any CPU.ActiveCfg = Release|Any CPU
		{4AB016E5-ABDF-4818-BEB7-748B5779E98B}.Release|Any CPU.Build.0 = Release|Any CPU
		{8837368D-BC41-4FE4-95EF-54E3151B30AE}.Debug|Any CPU.ActiveCfg = Debug|Any CPU
		{8837368D-BC41-4FE4-95EF-54E3151B30AE}.Debug|Any CPU.Build.0 = Debug|Any CPU
		{8837368D-BC41-4FE4-95EF-54E3151B30AE}.Release|Any CPU.ActiveCfg = Release|Any CPU
		{8837368D-BC41-4FE4-95EF-54E3151B30AE}.Release|Any CPU.Build.0 = Release|Any CPU
		{39C47801-8D49-48DD-B544-1B83EA6E3F44}.Debug|Any CPU.ActiveCfg = Debug|Any CPU
		{39C47801-8D49-48DD-B544-1B83EA6E3F44}.Debug|Any CPU.Build.0 = Debug|Any CPU
		{39C47801-8D49-48DD-B544-1B83EA6E3F44}.Release|Any CPU.ActiveCfg = Release|Any CPU
		{39C47801-8D49-48DD-B544-1B83EA6E3F44}.Release|Any CPU.Build.0 = Release|Any CPU
		{8932F1E7-FAD8-421A-AFAC-7E1AF1945159}.Debug|Any CPU.ActiveCfg = Debug|Any CPU
		{8932F1E7-FAD8-421A-AFAC-7E1AF1945159}.Debug|Any CPU.Build.0 = Debug|Any CPU
		{8932F1E7-FAD8-421A-AFAC-7E1AF1945159}.Release|Any CPU.ActiveCfg = Release|Any CPU
		{8932F1E7-FAD8-421A-AFAC-7E1AF1945159}.Release|Any CPU.Build.0 = Release|Any CPU
		{64A11FA7-D984-4020-84B5-A63DBF572236}.Debug|Any CPU.ActiveCfg = Debug|Any CPU
		{64A11FA7-D984-4020-84B5-A63DBF572236}.Debug|Any CPU.Build.0 = Debug|Any CPU
		{64A11FA7-D984-4020-84B5-A63DBF572236}.Release|Any CPU.ActiveCfg = Release|Any CPU
		{64A11FA7-D984-4020-84B5-A63DBF572236}.Release|Any CPU.Build.0 = Release|Any CPU
		{49F59979-F286-457A-A3DF-D1E83A5E8CA8}.Debug|Any CPU.ActiveCfg = Debug|Any CPU
		{49F59979-F286-457A-A3DF-D1E83A5E8CA8}.Debug|Any CPU.Build.0 = Debug|Any CPU
		{49F59979-F286-457A-A3DF-D1E83A5E8CA8}.Release|Any CPU.ActiveCfg = Release|Any CPU
		{49F59979-F286-457A-A3DF-D1E83A5E8CA8}.Release|Any CPU.Build.0 = Release|Any CPU
		{281A932E-6AD6-4E12-8D43-C74F918841C8}.Debug|Any CPU.ActiveCfg = Debug|Any CPU
		{281A932E-6AD6-4E12-8D43-C74F918841C8}.Debug|Any CPU.Build.0 = Debug|Any CPU
		{281A932E-6AD6-4E12-8D43-C74F918841C8}.Release|Any CPU.ActiveCfg = Release|Any CPU
		{281A932E-6AD6-4E12-8D43-C74F918841C8}.Release|Any CPU.Build.0 = Release|Any CPU
	EndGlobalSection
	GlobalSection(SolutionProperties) = preSolution
		HideSolutionNode = FALSE
	EndGlobalSection
	GlobalSection(NestedProjects) = preSolution
		{C90E235D-C001-4955-BE42-9FB68B18662B} = {8FCD28A4-5E7F-447D-914D-0196461A089E}
		{2201322C-0FC7-4B10-B676-7BF0A1037BE5} = {554DAEB2-DE2E-4123-B7DB-F91877BC2E3D}
		{7C011BB6-593B-4FC1-B0C8-93D6561B2F1F} = {554DAEB2-DE2E-4123-B7DB-F91877BC2E3D}
		{8C995727-F692-4497-98B5-9BE3DFAAE8B7} = {8FCD28A4-5E7F-447D-914D-0196461A089E}
		{2F19014F-D273-4249-B7D7-263AA37EF5AE} = {8FCD28A4-5E7F-447D-914D-0196461A089E}
		{4A388DCA-8C66-4D17-9ED4-C2ABB511F44F} = {554DAEB2-DE2E-4123-B7DB-F91877BC2E3D}
		{AD9A4774-B692-4E14-8FDA-9ED4DD63A1CD} = {68844397-A836-4E88-9341-AADDE92D6FF0}
		{968E6423-854C-4D1A-8CE0-7FF68188DF3B} = {68844397-A836-4E88-9341-AADDE92D6FF0}
		{710981D1-223E-435D-8830-357E14C633A2} = {68844397-A836-4E88-9341-AADDE92D6FF0}
		{121817F0-2D2A-4838-AAD1-FB41E7AF1E75} = {554DAEB2-DE2E-4123-B7DB-F91877BC2E3D}
		{B10AD03C-B212-478C-A5F2-12D267B0578D} = {8FCD28A4-5E7F-447D-914D-0196461A089E}
		{827DFA97-DB2F-49EA-88C2-102119259A6E} = {04A9E89F-F4FE-401C-A006-47167C09E2F4}
		{A827BFBA-A3B7-49EE-98BE-EBE1B613CB95} = {DA8ECE28-F39F-4190-BF9A-A2816CBE85B6}
		{06393BC1-7D45-44B0-B2A7-D8F53072E104} = {DA8ECE28-F39F-4190-BF9A-A2816CBE85B6}
		{4AB016E5-ABDF-4818-BEB7-748B5779E98B} = {DA8ECE28-F39F-4190-BF9A-A2816CBE85B6}
		{8837368D-BC41-4FE4-95EF-54E3151B30AE} = {C0AF172E-F890-4F81-B730-35C8248954BA}
		{39C47801-8D49-48DD-B544-1B83EA6E3F44} = {C0AF172E-F890-4F81-B730-35C8248954BA}
		{8932F1E7-FAD8-421A-AFAC-7E1AF1945159} = {C0AF172E-F890-4F81-B730-35C8248954BA}
		{64A11FA7-D984-4020-84B5-A63DBF572236} = {C0AF172E-F890-4F81-B730-35C8248954BA}
		{DA8ECE28-F39F-4190-BF9A-A2816CBE85B6} = {827DFA97-DB2F-49EA-88C2-102119259A6E}
		{C0AF172E-F890-4F81-B730-35C8248954BA} = {827DFA97-DB2F-49EA-88C2-102119259A6E}
		{358B0F9F-A27B-4504-90A7-702C775648B0} = {827DFA97-DB2F-49EA-88C2-102119259A6E}
		{49F59979-F286-457A-A3DF-D1E83A5E8CA8} = {358B0F9F-A27B-4504-90A7-702C775648B0}
		{281A932E-6AD6-4E12-8D43-C74F918841C8} = {358B0F9F-A27B-4504-90A7-702C775648B0}
	EndGlobalSection
	GlobalSection(SubversionScc) = preSolution
		Svn-Managed = True
		Manager = AnkhSVN - Subversion Support for Visual Studio
	EndGlobalSection
EndGlobal
